
Microsoft Visual Studio Solution File, Format Version 12.00
# Visual Studio Version 17
VisualStudioVersion = 17.5.002.0
MinimumVisualStudioVersion = 10.0.40219.1
Project("{2150E333-8FDC-42A3-9474-1A3956D46DE8}") = "azext_containerapp", "azext_containerapp", "{84C0D95A-3316-4BFD-95E4-53DAFA87AD1C}"
EndProject
Project("{2150E333-8FDC-42A3-9474-1A3956D46DE8}") = "tests", "tests", "{5837491F-4943-4994-9362-F40D39711C65}"
EndProject
Project("{2150E333-8FDC-42A3-9474-1A3956D46DE8}") = "latest", "latest", "{261BE249-148B-405C-BA2B-3331C39F145D}"
EndProject
Project("{2150E333-8FDC-42A3-9474-1A3956D46DE8}") = "data", "data", "{D416317F-8ACD-48A0-8112-E36A0AAFACC8}"
EndProject
Project("{9A19103F-16F7-4668-BE54-9A1E7A4F7556}") = "NetCore8PreviewMvcApp", "azext_containerapp\tests\latest\data\source_built_using_bookworm_buildpack_net8\NetCore8PreviewMvcApp.csproj", "{D2C48E06-BCB6-427E-95B2-1DD02C547DB6}"
EndProject
Project("{9A19103F-16F7-4668-BE54-9A1E7A4F7556}") = "HelloWorldApp", "azext_containerapp\tests\latest\data\source_built_using_bullseye_buildpack_net7\HelloWorldApp.csproj", "{C80D0A04-DE57-4142-9D7C-5F75FB0BEDDF}"
EndProject
Project("{9A19103F-16F7-4668-BE54-9A1E7A4F7556}") = "TestWebApp202305", "azext_containerapp\tests\latest\data\source_built_using_dockerfile\TestWebApp202305.csproj", "{EC8AAE17-6186-449B-ACAF-93BF907D4822}"
EndProject
Project("{9A19103F-16F7-4668-BE54-9A1E7A4F7556}") = "HelloWorldApp (1)", "azext_containerapp\tests\latest\data\source_built_using_source_to_cloud_dotnet\HelloWorldApp.csproj", "{CEE66378-7945-46E4-BFE9-BA50551E346D}"
EndProject
Global
	GlobalSection(SolutionConfigurationPlatforms) = preSolution
		Debug|Any CPU = Debug|Any CPU
		Release|Any CPU = Release|Any CPU
	EndGlobalSection
	GlobalSection(ProjectConfigurationPlatforms) = postSolution
		{D2C48E06-BCB6-427E-95B2-1DD02C547DB6}.Debug|Any CPU.ActiveCfg = Debug|Any CPU
		{D2C48E06-BCB6-427E-95B2-1DD02C547DB6}.Debug|Any CPU.Build.0 = Debug|Any CPU
		{D2C48E06-BCB6-427E-95B2-1DD02C547DB6}.Release|Any CPU.ActiveCfg = Release|Any CPU
		{D2C48E06-BCB6-427E-95B2-1DD02C547DB6}.Release|Any CPU.Build.0 = Release|Any CPU
		{C80D0A04-DE57-4142-9D7C-5F75FB0BEDDF}.Debug|Any CPU.ActiveCfg = Debug|Any CPU
		{C80D0A04-DE57-4142-9D7C-5F75FB0BEDDF}.Debug|Any CPU.Build.0 = Debug|Any CPU
		{C80D0A04-DE57-4142-9D7C-5F75FB0BEDDF}.Release|Any CPU.ActiveCfg = Release|Any CPU
		{C80D0A04-DE57-4142-9D7C-5F75FB0BEDDF}.Release|Any CPU.Build.0 = Release|Any CPU
		{EC8AAE17-6186-449B-ACAF-93BF907D4822}.Debug|Any CPU.ActiveCfg = Debug|Any CPU
		{EC8AAE17-6186-449B-ACAF-93BF907D4822}.Debug|Any CPU.Build.0 = Debug|Any CPU
		{EC8AAE17-6186-449B-ACAF-93BF907D4822}.Release|Any CPU.ActiveCfg = Release|Any CPU
		{EC8AAE17-6186-449B-ACAF-93BF907D4822}.Release|Any CPU.Build.0 = Release|Any CPU
		{CEE66378-7945-46E4-BFE9-BA50551E346D}.Debug|Any CPU.ActiveCfg = Debug|Any CPU
		{CEE66378-7945-46E4-BFE9-BA50551E346D}.Debug|Any CPU.Build.0 = Debug|Any CPU
		{CEE66378-7945-46E4-BFE9-BA50551E346D}.Release|Any CPU.ActiveCfg = Release|Any CPU
		{CEE66378-7945-46E4-BFE9-BA50551E346D}.Release|Any CPU.Build.0 = Release|Any CPU
	EndGlobalSection
	GlobalSection(SolutionProperties) = preSolution
		HideSolutionNode = FALSE
	EndGlobalSection
	GlobalSection(NestedProjects) = preSolution
		{5837491F-4943-4994-9362-F40D39711C65} = {84C0D95A-3316-4BFD-95E4-53DAFA87AD1C}
		{261BE249-148B-405C-BA2B-3331C39F145D} = {5837491F-4943-4994-9362-F40D39711C65}
		{D416317F-8ACD-48A0-8112-E36A0AAFACC8} = {261BE249-148B-405C-BA2B-3331C39F145D}
		{D2C48E06-BCB6-427E-95B2-1DD02C547DB6} = {D416317F-8ACD-48A0-8112-E36A0AAFACC8}
		{C80D0A04-DE57-4142-9D7C-5F75FB0BEDDF} = {D416317F-8ACD-48A0-8112-E36A0AAFACC8}
		{EC8AAE17-6186-449B-ACAF-93BF907D4822} = {D416317F-8ACD-48A0-8112-E36A0AAFACC8}
		{CEE66378-7945-46E4-BFE9-BA50551E346D} = {D416317F-8ACD-48A0-8112-E36A0AAFACC8}
	EndGlobalSection
	GlobalSection(ExtensibilityGlobals) = postSolution
		SolutionGuid = {67B4B5A9-E69A-408D-A7BC-26F3BD78E701}
	EndGlobalSection
EndGlobal
